
Microsoft Visual Studio Solution File, Format Version 12.00
# Visual Studio 15
VisualStudioVersion = 15.0.27004.2002
MinimumVisualStudioVersion = 10.0.40219.1
Project("{FAE04EC0-301F-11D3-BF4B-00C04F79EFBC}") = "HelloWorld", "HelloWorld\HelloWorld.csproj", "{C2C590E5-3D00-419A-8FDB-15B0835DBB73}"
EndProject
Global
	GlobalSection(SolutionConfigurationPlatforms) = preSolution
		Debug|Any CPU = Debug|Any CPU
		Release|Any CPU = Release|Any CPU
	EndGlobalSection
	GlobalSection(ProjectConfigurationPlatforms) = postSolution
		{C2C590E5-3D00-419A-8FDB-15B0835DBB73}.Debug|Any CPU.ActiveCfg = Debug|Any CPU
		{C2C590E5-3D00-419A-8FDB-15B0835DBB73}.Debug|Any CPU.Build.0 = Debug|Any CPU
		{C2C590E5-3D00-419A-8FDB-15B0835DBB73}.Release|Any CPU.ActiveCfg = Release|Any CPU
		{C2C590E5-3D00-419A-8FDB-15B0835DBB73}.Release|Any CPU.Build.0 = Release|Any CPU
	EndGlobalSection
	GlobalSection(SolutionProperties) = preSolution
		HideSolutionNode = FALSE
	EndGlobalSection
	GlobalSection(ExtensibilityGlobals) = postSolution
		SolutionGuid = {33FB0A6D-93E2-40B3-AFD7-0D9AD32C4B96}
	EndGlobalSection
EndGlobal
